{
  "nodes": {
    "devenv": {
      "locked": {
        "dir": "src/modules",
        "lastModified": 1772840537,
        "narHash": "sha256-Axb80AW0e6Xd/UmtjFnTTPOqxzkI4tzGa8ykk8nKQoo=",
        "owner": "cachix",
        "repo": "devenv",
        "rev": "b6208f517a7359d6046c89b5ac0de20cfca3b4c0",
        "type": "github"
      },
      "original": {
        "dir": "src/modules",
        "owner": "cachix",
        "repo": "devenv",
        "type": "github"
      }
    },
    "nixpkgs": {
      "inputs": {
        "nixpkgs-src": "nixpkgs-src"
      },
      "locked": {
        "lastModified": 1772749504,
        "narHash": "sha256-eqtQIz0alxkQPym+Zh/33gdDjkkch9o6eHnMPnXFXN0=",
        "owner": "cachix",
        "repo": "devenv-nixpkgs",
        "rev": "08543693199362c1fddb8f52126030d0d374ba2e",
        "type": "github"
      },
      "original": {
        "owner": "cachix",
        "ref": "rolling",
        "repo": "devenv-nixpkgs",
        "type": "github"
      }
    },
    "nixpkgs-src": {
      "flake": false,
      "locked": {
        "lastModified": 1772173633,
        "narHash": "sha256-MOH58F4AIbCkh6qlQcwMycyk5SWvsqnS/TCfnqDlpj4=",
        "owner": "NixOS",
        "repo": "nixpkgs",
        "rev": "c0f3d81a7ddbc2b1332be0d8481a672b4f6004d6",
        "type": "github"
      },
      "original": {
        "owner": "NixOS",
        "ref": "nixpkgs-unstable",
        "repo": "nixpkgs",
        "type": "github"
      }
    },
    "root": {
      "inputs": {
        "devenv": "devenv",
        "nixpkgs": "nixpkgs",
        "rust-base": "rust-base",
        "rust-overlay": "rust-overlay"
      }
    },
    "rust-base": {
      "flake": false,
      "locked": {
        "lastModified": 1772854128,
        "narHash": "sha256-f/TnlSQyHGndZImSdIJ5foEqfU6VdlneWRjPQX7/yD8=",
        "owner": "Alb-O",
        "repo": "rust-base-devenv-polyrepo",
        "rev": "bfc34bc30f49dc6ccd496f6557ff9fd489bc4d60",
        "type": "github"
      },
      "original": {
        "owner": "Alb-O",
        "repo": "rust-base-devenv-polyrepo",
        "type": "github"
      }
    },
    "rust-overlay": {
      "inputs": {
        "nixpkgs": [
          "nixpkgs"
        ]
      },
      "locked": {
        "lastModified": 1772852295,
        "narHash": "sha256-3FB/WzLZSiU2Mc50C9q9VXU1LRUZbsU6UHKmZG1C+hU=",
        "owner": "oxalica",
        "repo": "rust-overlay",
        "rev": "c10801f59c68e14c308aea8fa6b0b3d81d43c61e",
        "type": "github"
      },
      "original": {
        "owner": "oxalica",
        "repo": "rust-overlay",
        "type": "github"
      }
    }
  },
  "root": "root",
  "version": 7
}